
Microsoft Visual Studio Solution File, Format Version 12.00
# Visual Studio Version 17
VisualStudioVersion = 17.7.34009.444
MinimumVisualStudioVersion = 10.0.40219.1
Project("{FAE04EC0-301F-11D3-BF4B-00C04F79EFBC}") = "02-introduction-calculadora", "02-introduction-calculadora\02-introduction-calculadora.csproj", "{701C621D-296F-429C-9A35-496262FAFBAE}"
EndProject
Global
	GlobalSection(SolutionConfigurationPlatforms) = preSolution
		Debug|Any CPU = Debug|Any CPU
		Release|Any CPU = Release|Any CPU
	EndGlobalSection
	GlobalSection(ProjectConfigurationPlatforms) = postSolution
		{701C621D-296F-429C-9A35-496262FAFBAE}.Debug|Any CPU.ActiveCfg = Debug|Any CPU
		{701C621D-296F-429C-9A35-496262FAFBAE}.Debug|Any CPU.Build.0 = Debug|Any CPU
		{701C621D-296F-429C-9A35-496262FAFBAE}.Release|Any CPU.ActiveCfg = Release|Any CPU
		{701C621D-296F-429C-9A35-496262FAFBAE}.Release|Any CPU.Build.0 = Release|Any CPU
	EndGlobalSection
	GlobalSection(SolutionProperties) = preSolution
		HideSolutionNode = FALSE
	EndGlobalSection
	GlobalSection(ExtensibilityGlobals) = postSolution
		SolutionGuid = {C7AF7790-3F36-48A7-BB34-6245668B87F3}
	EndGlobalSection
EndGlobal
