
Microsoft Visual Studio Solution File, Format Version 12.00
# Visual Studio Version 17
VisualStudioVersion = 17.7.34009.444
MinimumVisualStudioVersion = 10.0.40219.1
Project("{FAE04EC0-301F-11D3-BF4B-00C04F79EFBC}") = "02-introduction-pessoa", "02-introduction-pessoa\02-introduction-pessoa.csproj", "{73F4D9C7-1062-4DA6-809B-B33F59122CD4}"
EndProject
Global
	GlobalSection(SolutionConfigurationPlatforms) = preSolution
		Debug|Any CPU = Debug|Any CPU
		Release|Any CPU = Release|Any CPU
	EndGlobalSection
	GlobalSection(ProjectConfigurationPlatforms) = postSolution
		{73F4D9C7-1062-4DA6-809B-B33F59122CD4}.Debug|Any CPU.ActiveCfg = Debug|Any CPU
		{73F4D9C7-1062-4DA6-809B-B33F59122CD4}.Debug|Any CPU.Build.0 = Debug|Any CPU
		{73F4D9C7-1062-4DA6-809B-B33F59122CD4}.Release|Any CPU.ActiveCfg = Release|Any CPU
		{73F4D9C7-1062-4DA6-809B-B33F59122CD4}.Release|Any CPU.Build.0 = Release|Any CPU
	EndGlobalSection
	GlobalSection(SolutionProperties) = preSolution
		HideSolutionNode = FALSE
	EndGlobalSection
	GlobalSection(ExtensibilityGlobals) = postSolution
		SolutionGuid = {ECD052C1-3625-492C-9F13-1E9951CB3E1A}
	EndGlobalSection
EndGlobal
