
Microsoft Visual Studio Solution File, Format Version 12.00
# Visual Studio Version 17
VisualStudioVersion = 17.7.34009.444
MinimumVisualStudioVersion = 10.0.40219.1
Project("{FAE04EC0-301F-11D3-BF4B-00C04F79EFBC}") = "05-api-bd-agendamento", "05-api-bd-agendamento.csproj", "{01C4E736-9B2B-4F44-951E-53EDA03DAFDD}"
EndProject
Global
	GlobalSection(SolutionConfigurationPlatforms) = preSolution
		Debug|Any CPU = Debug|Any CPU
		Release|Any CPU = Release|Any CPU
	EndGlobalSection
	GlobalSection(ProjectConfigurationPlatforms) = postSolution
		{01C4E736-9B2B-4F44-951E-53EDA03DAFDD}.Debug|Any CPU.ActiveCfg = Debug|Any CPU
		{01C4E736-9B2B-4F44-951E-53EDA03DAFDD}.Debug|Any CPU.Build.0 = Debug|Any CPU
		{01C4E736-9B2B-4F44-951E-53EDA03DAFDD}.Release|Any CPU.ActiveCfg = Release|Any CPU
		{01C4E736-9B2B-4F44-951E-53EDA03DAFDD}.Release|Any CPU.Build.0 = Release|Any CPU
	EndGlobalSection
	GlobalSection(SolutionProperties) = preSolution
		HideSolutionNode = FALSE
	EndGlobalSection
	GlobalSection(ExtensibilityGlobals) = postSolution
		SolutionGuid = {00DE3C9E-804A-46D6-8D8D-3E5191B87BDE}
	EndGlobalSection
EndGlobal
